
Microsoft Visual Studio Solution File, Format Version 12.00
# Visual Studio Version 16
VisualStudioVersion = 16.0.31729.503
MinimumVisualStudioVersion = 10.0.40219.1
Project("{F184B08F-C81C-45F6-A57F-5ABD9991F28F}") = "WebApplication1", "WebApplication1\WebApplication1.vbproj", "{32223976-C4D1-46B5-8C53-A5C06B58B388}"
EndProject
Global
	GlobalSection(SolutionConfigurationPlatforms) = preSolution
		Debug|Any CPU = Debug|Any CPU
		Release|Any CPU = Release|Any CPU
	EndGlobalSection
	GlobalSection(ProjectConfigurationPlatforms) = postSolution
		{32223976-C4D1-46B5-8C53-A5C06B58B388}.Debug|Any CPU.ActiveCfg = Debug|Any CPU
		{32223976-C4D1-46B5-8C53-A5C06B58B388}.Debug|Any CPU.Build.0 = Debug|Any CPU
		{32223976-C4D1-46B5-8C53-A5C06B58B388}.Release|Any CPU.ActiveCfg = Release|Any CPU
		{32223976-C4D1-46B5-8C53-A5C06B58B388}.Release|Any CPU.Build.0 = Release|Any CPU
	EndGlobalSection
	GlobalSection(SolutionProperties) = preSolution
		HideSolutionNode = FALSE
	EndGlobalSection
	GlobalSection(ExtensibilityGlobals) = postSolution
		SolutionGuid = {AF1E77DB-AF0D-4A8D-AE87-D1FEDB8D7CB0}
	EndGlobalSection
EndGlobal
